
Microsoft Visual Studio Solution File, Format Version 12.00
# Visual Studio Version 17
VisualStudioVersion = 17.11.35312.102
MinimumVisualStudioVersion = 10.0.40219.1
Project("{9A19103F-16F7-4668-BE54-9A1E7A4F7556}") = "ICR_WEB_API", "ICR_WEB_API\ICR_WEB_API.csproj", "{C572D27E-5E59-4730-9D60-F4CD36CED3E7}"
EndProject
Project("{FAE04EC0-301F-11D3-BF4B-00C04F79EFBC}") = "ICR_WEB_API.Service", "ICR_WEB_API.Service\ICR_WEB_API.Service.csproj", "{8A7AB8B9-F880-423A-B788-BA00111ECD75}"
EndProject
Global
	GlobalSection(SolutionConfigurationPlatforms) = preSolution
		Debug|Any CPU = Debug|Any CPU
		Release|Any CPU = Release|Any CPU
	EndGlobalSection
	GlobalSection(ProjectConfigurationPlatforms) = postSolution
		{C572D27E-5E59-4730-9D60-F4CD36CED3E7}.Debug|Any CPU.ActiveCfg = Debug|Any CPU
		{C572D27E-5E59-4730-9D60-F4CD36CED3E7}.Debug|Any CPU.Build.0 = Debug|Any CPU
		{C572D27E-5E59-4730-9D60-F4CD36CED3E7}.Release|Any CPU.ActiveCfg = Release|Any CPU
		{C572D27E-5E59-4730-9D60-F4CD36CED3E7}.Release|Any CPU.Build.0 = Release|Any CPU
		{8A7AB8B9-F880-423A-B788-BA00111ECD75}.Debug|Any CPU.ActiveCfg = Debug|Any CPU
		{8A7AB8B9-F880-423A-B788-BA00111ECD75}.Debug|Any CPU.Build.0 = Debug|Any CPU
		{8A7AB8B9-F880-423A-B788-BA00111ECD75}.Release|Any CPU.ActiveCfg = Release|Any CPU
		{8A7AB8B9-F880-423A-B788-BA00111ECD75}.Release|Any CPU.Build.0 = Release|Any CPU
	EndGlobalSection
	GlobalSection(SolutionProperties) = preSolution
		HideSolutionNode = FALSE
	EndGlobalSection
	GlobalSection(ExtensibilityGlobals) = postSolution
		SolutionGuid = {130F6803-95AB-467A-984B-E1B0FBEED4A4}
	EndGlobalSection
EndGlobal
